
Microsoft Visual Studio Solution File, Format Version 12.00
# Visual Studio Version 16
VisualStudioVersion = 16.0.29102.190
MinimumVisualStudioVersion = 10.0.40219.1
Project("{FAE04EC0-301F-11D3-BF4B-00C04F79EFBC}") = "WeatherReport", "WeatherReport\WeatherReport.csproj", "{032B8165-4A77-475B-8D65-F14167BF5288}"
EndProject
Global
	GlobalSection(SolutionConfigurationPlatforms) = preSolution
		Debug|Any CPU = Debug|Any CPU
		Release|Any CPU = Release|Any CPU
	EndGlobalSection
	GlobalSection(ProjectConfigurationPlatforms) = postSolution
		{032B8165-4A77-475B-8D65-F14167BF5288}.Debug|Any CPU.ActiveCfg = Debug|Any CPU
		{032B8165-4A77-475B-8D65-F14167BF5288}.Debug|Any CPU.Build.0 = Debug|Any CPU
		{032B8165-4A77-475B-8D65-F14167BF5288}.Release|Any CPU.ActiveCfg = Release|Any CPU
		{032B8165-4A77-475B-8D65-F14167BF5288}.Release|Any CPU.Build.0 = Release|Any CPU
	EndGlobalSection
	GlobalSection(SolutionProperties) = preSolution
		HideSolutionNode = FALSE
	EndGlobalSection
	GlobalSection(ExtensibilityGlobals) = postSolution
		SolutionGuid = {8E0AED7E-5924-4A60-BA51-D839C8C300EC}
	EndGlobalSection
EndGlobal
